
Microsoft Visual Studio Solution File, Format Version 12.00
# Visual Studio Version 17
VisualStudioVersion = 17.1.32319.34
MinimumVisualStudioVersion = 10.0.40219.1
Project("{2150E333-8FDC-42A3-9474-1A3956D46DE8}") = "DataStructures", "DataStructures", "{35F9426D-29CE-4F25-B70A-4F64E65B0FD4}"
EndProject
Project("{2150E333-8FDC-42A3-9474-1A3956D46DE8}") = "Tests", "Tests", "{46D74415-4324-4AD4-BDC0-FED60A6651CB}"
EndProject
Project("{2150E333-8FDC-42A3-9474-1A3956D46DE8}") = "Applications", "Applications", "{09130529-3D05-465C-B981-50719FD05DCD}"
EndProject
Project("{2150E333-8FDC-42A3-9474-1A3956D46DE8}") = "Uls", "Uls", "{E9E1C02D-9CF4-49EB-8C0F-924639716624}"
EndProject
Project("{9A19103F-16F7-4668-BE54-9A1E7A4F7556}") = "ValueAndReferenceTypes", "ValueAndReferenceTypes\ValueAndReferenceTypes.csproj", "{2DA89A2C-FDAF-43E8-904C-A56B59B10FB7}"
EndProject
Project("{9A19103F-16F7-4668-BE54-9A1E7A4F7556}") = "ValueAndReferenceTypesApp", "ValueAndReferenceTypeApp\ValueAndReferenceTypesApp.csproj", "{78143F1F-6E26-4A8D-9925-81C8D107D7FC}"
EndProject
Project("{9A19103F-16F7-4668-BE54-9A1E7A4F7556}") = "ValueAndReferenceTypesTests", "ValueAndReferenceTypesTests\ValueAndReferenceTypesTests.csproj", "{4091DEAB-EA61-46E5-970F-8724F65D62F0}"
EndProject
Project("{9A19103F-16F7-4668-BE54-9A1E7A4F7556}") = "Array", "Array\Array.csproj", "{DC4964D2-3F1E-4942-A12A-21B659B8879D}"
EndProject
Project("{9A19103F-16F7-4668-BE54-9A1E7A4F7556}") = "ArrayApp", "ArrayApp\ArrayApp.csproj", "{219EAEBA-C009-469E-A325-AB473004A50A}"
EndProject
Project("{2150E333-8FDC-42A3-9474-1A3956D46DE8}") = "AplicationTests", "AplicationTests", "{7C97FC54-BB84-43D7-9931-C710F9FB4582}"
EndProject
Project("{2150E333-8FDC-42A3-9474-1A3956D46DE8}") = "ArrayTests", "ArrayTests", "{26147AEB-BB7C-417A-88AA-7010A12B5E32}"
EndProject
Project("{9A19103F-16F7-4668-BE54-9A1E7A4F7556}") = "ArrayTests", "ArrayTests\ArrayTests.csproj", "{8B836757-0D58-4B4A-8C40-73F04395FB10}"
EndProject
Project("{9A19103F-16F7-4668-BE54-9A1E7A4F7556}") = "CollectionsTests", "CollectionsTests\CollectionsTests.csproj", "{C69D32B9-CC29-449A-9FF3-B2FA532CF401}"
EndProject
Project("{9A19103F-16F7-4668-BE54-9A1E7A4F7556}") = "LinkedListApp", "LinkedListApp\LinkedListApp.csproj", "{581C19EA-9B9C-42B6-B606-E5ECD4F67DDB}"
EndProject
Project("{FAE04EC0-301F-11D3-BF4B-00C04F79EFBC}") = "LinkedList", "LinkedList\LinkedList.csproj", "{47CFA85F-E3E6-43F6-ADEE-B586AC4E917C}"
EndProject
Project("{2150E333-8FDC-42A3-9474-1A3956D46DE8}") = "DataStructuresTests", "DataStructuresTests", "{E7C0595F-4F95-47BB-9E5D-9AC22CDBFE6E}"
EndProject
Project("{2150E333-8FDC-42A3-9474-1A3956D46DE8}") = "LinkedListTest", "LinkedListTest", "{B419C03A-1789-4623-8083-6BDF3F65ACA9}"
EndProject
Project("{FAE04EC0-301F-11D3-BF4B-00C04F79EFBC}") = "LinkedListTests", "LinkedListTests\LinkedListTests.csproj", "{C6B4E0DF-A55D-4FD1-B7C9-7B1DC6DEEF01}"
EndProject
Global
	GlobalSection(SolutionConfigurationPlatforms) = preSolution
		Debug|Any CPU = Debug|Any CPU
		Release|Any CPU = Release|Any CPU
	EndGlobalSection
	GlobalSection(ProjectConfigurationPlatforms) = postSolution
		{2DA89A2C-FDAF-43E8-904C-A56B59B10FB7}.Debug|Any CPU.ActiveCfg = Debug|Any CPU
		{2DA89A2C-FDAF-43E8-904C-A56B59B10FB7}.Debug|Any CPU.Build.0 = Debug|Any CPU
		{2DA89A2C-FDAF-43E8-904C-A56B59B10FB7}.Release|Any CPU.ActiveCfg = Release|Any CPU
		{2DA89A2C-FDAF-43E8-904C-A56B59B10FB7}.Release|Any CPU.Build.0 = Release|Any CPU
		{78143F1F-6E26-4A8D-9925-81C8D107D7FC}.Debug|Any CPU.ActiveCfg = Debug|Any CPU
		{78143F1F-6E26-4A8D-9925-81C8D107D7FC}.Debug|Any CPU.Build.0 = Debug|Any CPU
		{78143F1F-6E26-4A8D-9925-81C8D107D7FC}.Release|Any CPU.ActiveCfg = Release|Any CPU
		{78143F1F-6E26-4A8D-9925-81C8D107D7FC}.Release|Any CPU.Build.0 = Release|Any CPU
		{4091DEAB-EA61-46E5-970F-8724F65D62F0}.Debug|Any CPU.ActiveCfg = Debug|Any CPU
		{4091DEAB-EA61-46E5-970F-8724F65D62F0}.Debug|Any CPU.Build.0 = Debug|Any CPU
		{4091DEAB-EA61-46E5-970F-8724F65D62F0}.Release|Any CPU.ActiveCfg = Release|Any CPU
		{4091DEAB-EA61-46E5-970F-8724F65D62F0}.Release|Any CPU.Build.0 = Release|Any CPU
		{DC4964D2-3F1E-4942-A12A-21B659B8879D}.Debug|Any CPU.ActiveCfg = Debug|Any CPU
		{DC4964D2-3F1E-4942-A12A-21B659B8879D}.Debug|Any CPU.Build.0 = Debug|Any CPU
		{DC4964D2-3F1E-4942-A12A-21B659B8879D}.Release|Any CPU.ActiveCfg = Release|Any CPU
		{DC4964D2-3F1E-4942-A12A-21B659B8879D}.Release|Any CPU.Build.0 = Release|Any CPU
		{219EAEBA-C009-469E-A325-AB473004A50A}.Debug|Any CPU.ActiveCfg = Debug|Any CPU
		{219EAEBA-C009-469E-A325-AB473004A50A}.Debug|Any CPU.Build.0 = Debug|Any CPU
		{219EAEBA-C009-469E-A325-AB473004A50A}.Release|Any CPU.ActiveCfg = Release|Any CPU
		{219EAEBA-C009-469E-A325-AB473004A50A}.Release|Any CPU.Build.0 = Release|Any CPU
		{8B836757-0D58-4B4A-8C40-73F04395FB10}.Debug|Any CPU.ActiveCfg = Debug|Any CPU
		{8B836757-0D58-4B4A-8C40-73F04395FB10}.Debug|Any CPU.Build.0 = Debug|Any CPU
		{8B836757-0D58-4B4A-8C40-73F04395FB10}.Release|Any CPU.ActiveCfg = Release|Any CPU
		{8B836757-0D58-4B4A-8C40-73F04395FB10}.Release|Any CPU.Build.0 = Release|Any CPU
		{C69D32B9-CC29-449A-9FF3-B2FA532CF401}.Debug|Any CPU.ActiveCfg = Debug|Any CPU
		{C69D32B9-CC29-449A-9FF3-B2FA532CF401}.Debug|Any CPU.Build.0 = Debug|Any CPU
		{C69D32B9-CC29-449A-9FF3-B2FA532CF401}.Release|Any CPU.ActiveCfg = Release|Any CPU
		{C69D32B9-CC29-449A-9FF3-B2FA532CF401}.Release|Any CPU.Build.0 = Release|Any CPU
		{581C19EA-9B9C-42B6-B606-E5ECD4F67DDB}.Debug|Any CPU.ActiveCfg = Debug|Any CPU
		{581C19EA-9B9C-42B6-B606-E5ECD4F67DDB}.Debug|Any CPU.Build.0 = Debug|Any CPU
		{581C19EA-9B9C-42B6-B606-E5ECD4F67DDB}.Release|Any CPU.ActiveCfg = Release|Any CPU
		{581C19EA-9B9C-42B6-B606-E5ECD4F67DDB}.Release|Any CPU.Build.0 = Release|Any CPU
		{47CFA85F-E3E6-43F6-ADEE-B586AC4E917C}.Debug|Any CPU.ActiveCfg = Debug|Any CPU
		{47CFA85F-E3E6-43F6-ADEE-B586AC4E917C}.Debug|Any CPU.Build.0 = Debug|Any CPU
		{47CFA85F-E3E6-43F6-ADEE-B586AC4E917C}.Release|Any CPU.ActiveCfg = Release|Any CPU
		{47CFA85F-E3E6-43F6-ADEE-B586AC4E917C}.Release|Any CPU.Build.0 = Release|Any CPU
		{C6B4E0DF-A55D-4FD1-B7C9-7B1DC6DEEF01}.Debug|Any CPU.ActiveCfg = Debug|Any CPU
		{C6B4E0DF-A55D-4FD1-B7C9-7B1DC6DEEF01}.Debug|Any CPU.Build.0 = Debug|Any CPU
		{C6B4E0DF-A55D-4FD1-B7C9-7B1DC6DEEF01}.Release|Any CPU.ActiveCfg = Release|Any CPU
		{C6B4E0DF-A55D-4FD1-B7C9-7B1DC6DEEF01}.Release|Any CPU.Build.0 = Release|Any CPU
	EndGlobalSection
	GlobalSection(SolutionProperties) = preSolution
		HideSolutionNode = FALSE
	EndGlobalSection
	GlobalSection(NestedProjects) = preSolution
		{2DA89A2C-FDAF-43E8-904C-A56B59B10FB7} = {09130529-3D05-465C-B981-50719FD05DCD}
		{78143F1F-6E26-4A8D-9925-81C8D107D7FC} = {E9E1C02D-9CF4-49EB-8C0F-924639716624}
		{4091DEAB-EA61-46E5-970F-8724F65D62F0} = {7C97FC54-BB84-43D7-9931-C710F9FB4582}
		{DC4964D2-3F1E-4942-A12A-21B659B8879D} = {35F9426D-29CE-4F25-B70A-4F64E65B0FD4}
		{219EAEBA-C009-469E-A325-AB473004A50A} = {E9E1C02D-9CF4-49EB-8C0F-924639716624}
		{7C97FC54-BB84-43D7-9931-C710F9FB4582} = {46D74415-4324-4AD4-BDC0-FED60A6651CB}
		{26147AEB-BB7C-417A-88AA-7010A12B5E32} = {E7C0595F-4F95-47BB-9E5D-9AC22CDBFE6E}
		{8B836757-0D58-4B4A-8C40-73F04395FB10} = {26147AEB-BB7C-417A-88AA-7010A12B5E32}
		{C69D32B9-CC29-449A-9FF3-B2FA532CF401} = {7C97FC54-BB84-43D7-9931-C710F9FB4582}
		{581C19EA-9B9C-42B6-B606-E5ECD4F67DDB} = {E9E1C02D-9CF4-49EB-8C0F-924639716624}
		{47CFA85F-E3E6-43F6-ADEE-B586AC4E917C} = {35F9426D-29CE-4F25-B70A-4F64E65B0FD4}
		{E7C0595F-4F95-47BB-9E5D-9AC22CDBFE6E} = {46D74415-4324-4AD4-BDC0-FED60A6651CB}
		{B419C03A-1789-4623-8083-6BDF3F65ACA9} = {E7C0595F-4F95-47BB-9E5D-9AC22CDBFE6E}
		{C6B4E0DF-A55D-4FD1-B7C9-7B1DC6DEEF01} = {B419C03A-1789-4623-8083-6BDF3F65ACA9}
	EndGlobalSection
	GlobalSection(ExtensibilityGlobals) = postSolution
		SolutionGuid = {0BAC1F18-D2E9-4986-89C8-63E078BED9A7}
	EndGlobalSection
EndGlobal
